// !$*UTF8*$!
{
	archiveVersion = 1;
	classes = {
	};
	objectVersion = 55;
	objects = {

/* Begin PBXBuildFile section */
		758FA334EEDC7CE4CE448D31 /* Pods_WeatherApp.framework in Frameworks */ = {isa = PBXBuildFile; fileRef = A6A30FC48E88A4171337F425 /* Pods_WeatherApp.framework */; };
		DD39A7B327C5F9AA00DB025C /* FavCitiesController.swift in Sources */ = {isa = PBXBuildFile; fileRef = DD39A7B227C5F9AA00DB025C /* FavCitiesController.swift */; };
		DD39A7B627C5FA4F00DB025C /* SearchDocument.swift in Sources */ = {isa = PBXBuildFile; fileRef = DD39A7B527C5FA4F00DB025C /* SearchDocument.swift */; };
		DD39A7B827C5FD3C00DB025C /* FavCitiesCell.swift in Sources */ = {isa = PBXBuildFile; fileRef = DD39A7B727C5FD3C00DB025C /* FavCitiesCell.swift */; };
		DD407E2927CADD010047E223 /* City.swift in Sources */ = {isa = PBXBuildFile; fileRef = DD407E2827CADD010047E223 /* City.swift */; };
		DDF32BEA27C2228E00DE94F1 /* AppDelegate.swift in Sources */ = {isa = PBXBuildFile; fileRef = DDF32BE927C2228E00DE94F1 /* AppDelegate.swift */; };
		DDF32BEC27C2228E00DE94F1 /* SceneDelegate.swift in Sources */ = {isa = PBXBuildFile; fileRef = DDF32BEB27C2228E00DE94F1 /* SceneDelegate.swift */; };
		DDF32BEE27C2228E00DE94F1 /* SplashController.swift in Sources */ = {isa = PBXBuildFile; fileRef = DDF32BED27C2228E00DE94F1 /* SplashController.swift */; };
		DDF32BF127C2228E00DE94F1 /* Main.storyboard in Resources */ = {isa = PBXBuildFile; fileRef = DDF32BEF27C2228E00DE94F1 /* Main.storyboard */; };
		DDF32BF327C2228F00DE94F1 /* Assets.xcassets in Resources */ = {isa = PBXBuildFile; fileRef = DDF32BF227C2228F00DE94F1 /* Assets.xcassets */; };
		DDF32BF627C2228F00DE94F1 /* LaunchScreen.storyboard in Resources */ = {isa = PBXBuildFile; fileRef = DDF32BF427C2228F00DE94F1 /* LaunchScreen.storyboard */; };
		DDF32C0227C2289700DE94F1 /* SearchController.swift in Sources */ = {isa = PBXBuildFile; fileRef = DDF32C0127C2289700DE94F1 /* SearchController.swift */; };
		DDF32C0627C22CC100DE94F1 /* SearchCityCell.swift in Sources */ = {isa = PBXBuildFile; fileRef = DDF32C0527C22CC100DE94F1 /* SearchCityCell.swift */; };
		DDF32C0927C22FF900DE94F1 /* UIExtensions.swift in Sources */ = {isa = PBXBuildFile; fileRef = DDF32C0827C22FF900DE94F1 /* UIExtensions.swift */; };
		DDF32C0B27C2342F00DE94F1 /* SearchModel.swift in Sources */ = {isa = PBXBuildFile; fileRef = DDF32C0A27C2342F00DE94F1 /* SearchModel.swift */; };
		DDF32C0F27C23D3300DE94F1 /* MainController.swift in Sources */ = {isa = PBXBuildFile; fileRef = DDF32C0E27C23D3300DE94F1 /* MainController.swift */; };
		DDF32C1127C2492000DE94F1 /* WeatherCell.swift in Sources */ = {isa = PBXBuildFile; fileRef = DDF32C1027C2492000DE94F1 /* WeatherCell.swift */; };
		DDF32C1327C24B3800DE94F1 /* WeatherModel.swift in Sources */ = {isa = PBXBuildFile; fileRef = DDF32C1227C24B3800DE94F1 /* WeatherModel.swift */; };
/* End PBXBuildFile section */

/* Begin PBXFileReference section */
		8E89D3FA4CFAC017D24F8B2E /* Pods-WeatherApp.debug.xcconfig */ = {isa = PBXFileReference; includeInIndex = 1; lastKnownFileType = text.xcconfig; name = "Pods-WeatherApp.debug.xcconfig"; path = "Target Support Files/Pods-WeatherApp/Pods-WeatherApp.debug.xcconfig"; sourceTree = "<group>"; };
		A6A30FC48E88A4171337F425 /* Pods_WeatherApp.framework */ = {isa = PBXFileReference; explicitFileType = wrapper.framework; includeInIndex = 0; path = Pods_WeatherApp.framework; sourceTree = BUILT_PRODUCTS_DIR; };
		BB86C4D5025F2741088C0819 /* Pods-WeatherApp.release.xcconfig */ = {isa = PBXFileReference; includeInIndex = 1; lastKnownFileType = text.xcconfig; name = "Pods-WeatherApp.release.xcconfig"; path = "Target Support Files/Pods-WeatherApp/Pods-WeatherApp.release.xcconfig"; sourceTree = "<group>"; };
		DD39A7B227C5F9AA00DB025C /* FavCitiesController.swift */ = {isa = PBXFileReference; lastKnownFileType = sourcecode.swift; path = FavCitiesController.swift; sourceTree = "<group>"; };
		DD39A7B527C5FA4F00DB025C /* SearchDocument.swift */ = {isa = PBXFileReference; lastKnownFileType = sourcecode.swift; path = SearchDocument.swift; sourceTree = "<group>"; };
		DD39A7B727C5FD3C00DB025C /* FavCitiesCell.swift */ = {isa = PBXFileReference; lastKnownFileType = sourcecode.swift; path = FavCitiesCell.swift; sourceTree = "<group>"; };
		DD407E2827CADD010047E223 /* City.swift */ = {isa = PBXFileReference; lastKnownFileType = sourcecode.swift; path = City.swift; sourceTree = "<group>"; };
		DDF32BE627C2228E00DE94F1 /* WeatherApp.app */ = {isa = PBXFileReference; explicitFileType = wrapper.application; includeInIndex = 0; path = WeatherApp.app; sourceTree = BUILT_PRODUCTS_DIR; };
		DDF32BE927C2228E00DE94F1 /* AppDelegate.swift */ = {isa = PBXFileReference; lastKnownFileType = sourcecode.swift; path = AppDelegate.swift; sourceTree = "<group>"; };
		DDF32BEB27C2228E00DE94F1 /* SceneDelegate.swift */ = {isa = PBXFileReference; lastKnownFileType = sourcecode.swift; path = SceneDelegate.swift; sourceTree = "<group>"; };
		DDF32BED27C2228E00DE94F1 /* SplashController.swift */ = {isa = PBXFileReference; lastKnownFileType = sourcecode.swift; path = SplashController.swift; sourceTree = "<group>"; };
		DDF32BF027C2228E00DE94F1 /* Base */ = {isa = PBXFileReference; lastKnownFileType = file.storyboard; name = Base; path = Base.lproj/Main.storyboard; sourceTree = "<group>"; };
		DDF32BF227C2228F00DE94F1 /* Assets.xcassets */ = {isa = PBXFileReference; lastKnownFileType = folder.assetcatalog; path = Assets.xcassets; sourceTree = "<group>"; };
		DDF32BF527C2228F00DE94F1 /* Base */ = {isa = PBXFileReference; lastKnownFileType = file.storyboard; name = Base; path = Base.lproj/LaunchScreen.storyboard; sourceTree = "<group>"; };
		DDF32BF727C2228F00DE94F1 /* Info.plist */ = {isa = PBXFileReference; lastKnownFileType = text.plist.xml; path = Info.plist; sourceTree = "<group>"; };
		DDF32C0127C2289700DE94F1 /* SearchController.swift */ = {isa = PBXFileReference; lastKnownFileType = sourcecode.swift; path = SearchController.swift; sourceTree = "<group>"; };
		DDF32C0527C22CC100DE94F1 /* SearchCityCell.swift */ = {isa = PBXFileReference; lastKnownFileType = sourcecode.swift; path = SearchCityCell.swift; sourceTree = "<group>"; };
		DDF32C0827C22FF900DE94F1 /* UIExtensions.swift */ = {isa = PBXFileReference; lastKnownFileType = sourcecode.swift; path = UIExtensions.swift; sourceTree = "<group>"; };
		DDF32C0A27C2342F00DE94F1 /* SearchModel.swift */ = {isa = PBXFileReference; lastKnownFileType = sourcecode.swift; path = SearchModel.swift; sourceTree = "<group>"; };
		DDF32C0E27C23D3300DE94F1 /* MainController.swift */ = {isa = PBXFileReference; lastKnownFileType = sourcecode.swift; path = MainController.swift; sourceTree = "<group>"; };
		DDF32C1027C2492000DE94F1 /* WeatherCell.swift */ = {isa = PBXFileReference; lastKnownFileType = sourcecode.swift; path = WeatherCell.swift; sourceTree = "<group>"; };
		DDF32C1227C24B3800DE94F1 /* WeatherModel.swift */ = {isa = PBXFileReference; lastKnownFileType = sourcecode.swift; path = WeatherModel.swift; sourceTree = "<group>"; };
/* End PBXFileReference section */

/* Begin PBXFrameworksBuildPhase section */
		DDF32BE327C2228E00DE94F1 /* Frameworks */ = {
			isa = PBXFrameworksBuildPhase;
			buildActionMask = 2147483647;
			files = (
				758FA334EEDC7CE4CE448D31 /* Pods_WeatherApp.framework in Frameworks */,
			);
			runOnlyForDeploymentPostprocessing = 0;
		};
/* End PBXFrameworksBuildPhase section */

/* Begin PBXGroup section */
		67F1F354812CD2F1D1A5AC3D /* Frameworks */ = {
			isa = PBXGroup;
			children = (
				A6A30FC48E88A4171337F425 /* Pods_WeatherApp.framework */,
			);
			name = Frameworks;
			sourceTree = "<group>";
		};
		DD39A7B427C5F9AD00DB025C /* FavCities */ = {
			isa = PBXGroup;
			children = (
				DD39A7B227C5F9AA00DB025C /* FavCitiesController.swift */,
			);
			path = FavCities;
			sourceTree = "<group>";
		};
		DDF32BDD27C2228E00DE94F1 = {
			isa = PBXGroup;
			children = (
				DDF32BE827C2228E00DE94F1 /* WeatherApp */,
				DDF32BE727C2228E00DE94F1 /* Products */,
				FEE0AF22579FFF4F440AEC42 /* Pods */,
				67F1F354812CD2F1D1A5AC3D /* Frameworks */,
			);
			sourceTree = "<group>";
		};
		DDF32BE727C2228E00DE94F1 /* Products */ = {
			isa = PBXGroup;
			children = (
				DDF32BE627C2228E00DE94F1 /* WeatherApp.app */,
			);
			name = Products;
			sourceTree = "<group>";
		};
		DDF32BE827C2228E00DE94F1 /* WeatherApp */ = {
			isa = PBXGroup;
			children = (
				DDF32C0727C22FE700DE94F1 /* Utils */,
				DDF32C0327C22C9A00DE94F1 /* Cell */,
				DDF32BFE27C227F800DE94F1 /* UI */,
				DDF32C0C27C2343400DE94F1 /* Model */,
				DDF32BE927C2228E00DE94F1 /* AppDelegate.swift */,
				DDF32BEB27C2228E00DE94F1 /* SceneDelegate.swift */,
				DDF32BEF27C2228E00DE94F1 /* Main.storyboard */,
				DDF32BF227C2228F00DE94F1 /* Assets.xcassets */,
				DDF32BF427C2228F00DE94F1 /* LaunchScreen.storyboard */,
				DDF32BF727C2228F00DE94F1 /* Info.plist */,
			);
			path = WeatherApp;
			sourceTree = "<group>";
		};
		DDF32BFE27C227F800DE94F1 /* UI */ = {
			isa = PBXGroup;
			children = (
				DDF32C0D27C23D2200DE94F1 /* Main */,
				DDF32C0027C2287B00DE94F1 /* Search */,
				DDF32BFF27C2280200DE94F1 /* Splash */,
				DD39A7B427C5F9AD00DB025C /* FavCities */,
			);
			path = UI;
			sourceTree = "<group>";
		};
		DDF32BFF27C2280200DE94F1 /* Splash */ = {
			isa = PBXGroup;
			children = (
				DDF32BED27C2228E00DE94F1 /* SplashController.swift */,
			);
			path = Splash;
			sourceTree = "<group>";
		};
		DDF32C0027C2287B00DE94F1 /* Search */ = {
			isa = PBXGroup;
			children = (
				DDF32C0127C2289700DE94F1 /* SearchController.swift */,
				DD39A7B527C5FA4F00DB025C /* SearchDocument.swift */,
			);
			path = Search;
			sourceTree = "<group>";
		};
		DDF32C0327C22C9A00DE94F1 /* Cell */ = {
			isa = PBXGroup;
			children = (
				DDF32C0527C22CC100DE94F1 /* SearchCityCell.swift */,
				DDF32C1027C2492000DE94F1 /* WeatherCell.swift */,
				DD39A7B727C5FD3C00DB025C /* FavCitiesCell.swift */,
			);
			path = Cell;
			sourceTree = "<group>";
		};
		DDF32C0727C22FE700DE94F1 /* Utils */ = {
			isa = PBXGroup;
			children = (
				DDF32C0827C22FF900DE94F1 /* UIExtensions.swift */,
				DD407E2827CADD010047E223 /* City.swift */,
			);
			path = Utils;
			sourceTree = "<group>";
		};
		DDF32C0C27C2343400DE94F1 /* Model */ = {
			isa = PBXGroup;
			children = (
				DDF32C0A27C2342F00DE94F1 /* SearchModel.swift */,
				DDF32C1227C24B3800DE94F1 /* WeatherModel.swift */,
			);
			path = Model;
			sourceTree = "<group>";
		};
		DDF32C0D27C23D2200DE94F1 /* Main */ = {
			isa = PBXGroup;
			children = (
				DDF32C0E27C23D3300DE94F1 /* MainController.swift */,
			);
			path = Main;
			sourceTree = "<group>";
		};
		FEE0AF22579FFF4F440AEC42 /* Pods */ = {
			isa = PBXGroup;
			children = (
				8E89D3FA4CFAC017D24F8B2E /* Pods-WeatherApp.debug.xcconfig */,
				BB86C4D5025F2741088C0819 /* Pods-WeatherApp.release.xcconfig */,
			);
			path = Pods;
			sourceTree = "<group>";
		};
/* End PBXGroup section */

/* Begin PBXNativeTarget section */
		DDF32BE527C2228E00DE94F1 /* WeatherApp */ = {
			isa = PBXNativeTarget;
			buildConfigurationList = DDF32BFA27C2228F00DE94F1 /* Build configuration list for PBXNativeTarget "WeatherApp" */;
			buildPhases = (
				2485D410D757AB66FBDC4C50 /* [CP] Check Pods Manifest.lock */,
				DDF32BE227C2228E00DE94F1 /* Sources */,
				DDF32BE327C2228E00DE94F1 /* Frameworks */,
				DDF32BE427C2228E00DE94F1 /* Resources */,
				130A8B8DD82A8BB4AD56DB65 /* [CP] Embed Pods Frameworks */,
			);
			buildRules = (
			);
			dependencies = (
			);
			name = WeatherApp;
			productName = WeatherApp;
			productReference = DDF32BE627C2228E00DE94F1 /* WeatherApp.app */;
			productType = "com.apple.product-type.application";
		};
/* End PBXNativeTarget section */

/* Begin PBXProject section */
		DDF32BDE27C2228E00DE94F1 /* Project object */ = {
			isa = PBXProject;
			attributes = {
				BuildIndependentTargetsInParallel = 1;
				LastSwiftUpdateCheck = 1320;
				LastUpgradeCheck = 1320;
				TargetAttributes = {
					DDF32BE527C2228E00DE94F1 = {
						CreatedOnToolsVersion = 13.2.1;
					};
				};
			};
			buildConfigurationList = DDF32BE127C2228E00DE94F1 /* Build configuration list for PBXProject "WeatherApp" */;
			compatibilityVersion = "Xcode 13.0";
			developmentRegion = en;
			hasScannedForEncodings = 0;
			knownRegions = (
				en,
				Base,
			);
			mainGroup = DDF32BDD27C2228E00DE94F1;
			productRefGroup = DDF32BE727C2228E00DE94F1 /* Products */;
			projectDirPath = "";
			projectRoot = "";
			targets = (
				DDF32BE527C2228E00DE94F1 /* WeatherApp */,
			);
		};
/* End PBXProject section */

/* Begin PBXResourcesBuildPhase section */
		DDF32BE427C2228E00DE94F1 /* Resources */ = {
			isa = PBXResourcesBuildPhase;
			buildActionMask = 2147483647;
			files = (
				DDF32BF627C2228F00DE94F1 /* LaunchScreen.storyboard in Resources */,
				DDF32BF327C2228F00DE94F1 /* Assets.xcassets in Resources */,
				DDF32BF127C2228E00DE94F1 /* Main.storyboard in Resources */,
			);
			runOnlyForDeploymentPostprocessing = 0;
		};
/* End PBXResourcesBuildPhase section */

/* Begin PBXShellScriptBuildPhase section */
		130A8B8DD82A8BB4AD56DB65 /* [CP] Embed Pods Frameworks */ = {
			isa = PBXShellScriptBuildPhase;
			buildActionMask = 2147483647;
			files = (
			);
			inputFileListPaths = (
				"${PODS_ROOT}/Target Support Files/Pods-WeatherApp/Pods-WeatherApp-frameworks-${CONFIGURATION}-input-files.xcfilelist",
			);
			name = "[CP] Embed Pods Frameworks";
			outputFileListPaths = (
				"${PODS_ROOT}/Target Support Files/Pods-WeatherApp/Pods-WeatherApp-frameworks-${CONFIGURATION}-output-files.xcfilelist",
			);
			runOnlyForDeploymentPostprocessing = 0;
			shellPath = /bin/sh;
			shellScript = "\"${PODS_ROOT}/Target Support Files/Pods-WeatherApp/Pods-WeatherApp-frameworks.sh\"\n";
			showEnvVarsInLog = 0;
		};
		2485D410D757AB66FBDC4C50 /* [CP] Check Pods Manifest.lock */ = {
			isa = PBXShellScriptBuildPhase;
			buildActionMask = 2147483647;
			files = (
			);
			inputFileListPaths = (
			);
			inputPaths = (
				"${PODS_PODFILE_DIR_PATH}/Podfile.lock",
				"${PODS_ROOT}/Manifest.lock",
			);
			name = "[CP] Check Pods Manifest.lock";
			outputFileListPaths = (
			);
			outputPaths = (
				"$(DERIVED_FILE_DIR)/Pods-WeatherApp-checkManifestLockResult.txt",
			);
			runOnlyForDeploymentPostprocessing = 0;
			shellPath = /bin/sh;
			shellScript = "diff \"${PODS_PODFILE_DIR_PATH}/Podfile.lock\" \"${PODS_ROOT}/Manifest.lock\" > /dev/null\nif [ $? != 0 ] ; then\n    # print error to STDERR\n    echo \"error: The sandbox is not in sync with the Podfile.lock. Run 'pod install' or update your CocoaPods installation.\" >&2\n    exit 1\nfi\n# This output is used by Xcode 'outputs' to avoid re-running this script phase.\necho \"SUCCESS\" > \"${SCRIPT_OUTPUT_FILE_0}\"\n";
			showEnvVarsInLog = 0;
		};
/* End PBXShellScriptBuildPhase section */

/* Begin PBXSourcesBuildPhase section */
		DDF32BE227C2228E00DE94F1 /* Sources */ = {
			isa = PBXSourcesBuildPhase;
			buildActionMask = 2147483647;
			files = (
				DD39A7B627C5FA4F00DB025C /* SearchDocument.swift in Sources */,
				DDF32C0F27C23D3300DE94F1 /* MainController.swift in Sources */,
				DDF32BEE27C2228E00DE94F1 /* SplashController.swift in Sources */,
				DDF32C1127C2492000DE94F1 /* WeatherCell.swift in Sources */,
				DDF32C0627C22CC100DE94F1 /* SearchCityCell.swift in Sources */,
				DD39A7B327C5F9AA00DB025C /* FavCitiesController.swift in Sources */,
				DD39A7B827C5FD3C00DB025C /* FavCitiesCell.swift in Sources */,
				DDF32C1327C24B3800DE94F1 /* WeatherModel.swift in Sources */,
				DDF32BEA27C2228E00DE94F1 /* AppDelegate.swift in Sources */,
				DDF32C0927C22FF900DE94F1 /* UIExtensions.swift in Sources */,
				DD407E2927CADD010047E223 /* City.swift in Sources */,
				DDF32C0B27C2342F00DE94F1 /* SearchModel.swift in Sources */,
				DDF32BEC27C2228E00DE94F1 /* SceneDelegate.swift in Sources */,
				DDF32C0227C2289700DE94F1 /* SearchController.swift in Sources */,
			);
			runOnlyForDeploymentPostprocessing = 0;
		};
/* End PBXSourcesBuildPhase section */

/* Begin PBXVariantGroup section */
		DDF32BEF27C2228E00DE94F1 /* Main.storyboard */ = {
			isa = PBXVariantGroup;
			children = (
				DDF32BF027C2228E00DE94F1 /* Base */,
			);
			name = Main.storyboard;
			sourceTree = "<group>";
		};
		DDF32BF427C2228F00DE94F1 /* LaunchScreen.storyboard */ = {
			isa = PBXVariantGroup;
			children = (
				DDF32BF527C2228F00DE94F1 /* Base */,
			);
			name = LaunchScreen.storyboard;
			sourceTree = "<group>";
		};
/* End PBXVariantGroup section */

/* Begin XCBuildConfiguration section */
		DDF32BF827C2228F00DE94F1 /* Debug */ = {
			isa = XCBuildConfiguration;
			buildSettings = {
				ALWAYS_SEARCH_USER_PATHS = NO;
				CLANG_ANALYZER_NONNULL = YES;
				CLANG_ANALYZER_NUMBER_OBJECT_CONVERSION = YES_AGGRESSIVE;
				CLANG_CXX_LANGUAGE_STANDARD = "gnu++17";
				CLANG_CXX_LIBRARY = "libc++";
				CLANG_ENABLE_MODULES = YES;
				CLANG_ENABLE_OBJC_ARC = YES;
				CLANG_ENABLE_OBJC_WEAK = YES;
				CLANG_WARN_BLOCK_CAPTURE_AUTORELEASING = YES;
				CLANG_WARN_BOOL_CONVERSION = YES;
				CLANG_WARN_COMMA = YES;
				CLANG_WARN_CONSTANT_CONVERSION = YES;
				CLANG_WARN_DEPRECATED_OBJC_IMPLEMENTATIONS = YES;
				CLANG_WARN_DIRECT_OBJC_ISA_USAGE = YES_ERROR;
				CLANG_WARN_DOCUMENTATION_COMMENTS = YES;
				CLANG_WARN_EMPTY_BODY = YES;
				CLANG_WARN_ENUM_CONVERSION = YES;
				CLANG_WARN_INFINITE_RECURSION = YES;
				CLANG_WARN_INT_CONVERSION = YES;
				CLANG_WARN_NON_LITERAL_NULL_CONVERSION = YES;
				CLANG_WARN_OBJC_IMPLICIT_RETAIN_SELF = YES;
				CLANG_WARN_OBJC_LITERAL_CONVERSION = YES;
				CLANG_WARN_OBJC_ROOT_CLASS = YES_ERROR;
				CLANG_WARN_QUOTED_INCLUDE_IN_FRAMEWORK_HEADER = YES;
				CLANG_WARN_RANGE_LOOP_ANALYSIS = YES;
				CLANG_WARN_STRICT_PROTOTYPES = YES;
				CLANG_WARN_SUSPICIOUS_MOVE = YES;
				CLANG_WARN_UNGUARDED_AVAILABILITY = YES_AGGRESSIVE;
				CLANG_WARN_UNREACHABLE_CODE = YES;
				CLANG_WARN__DUPLICATE_METHOD_MATCH = YES;
				COPY_PHASE_STRIP = NO;
				DEBUG_INFORMATION_FORMAT = dwarf;
				ENABLE_STRICT_OBJC_MSGSEND = YES;
				ENABLE_TESTABILITY = YES;
				GCC_C_LANGUAGE_STANDARD = gnu11;
				GCC_DYNAMIC_NO_PIC = NO;
				GCC_NO_COMMON_BLOCKS = YES;
				GCC_OPTIMIZATION_LEVEL = 0;
				GCC_PREPROCESSOR_DEFINITIONS = (
					"DEBUG=1",
					"$(inherited)",
				);
				GCC_WARN_64_TO_32_BIT_CONVERSION = YES;
				GCC_WARN_ABOUT_RETURN_TYPE = YES_ERROR;
				GCC_WARN_UNDECLARED_SELECTOR = YES;
				GCC_WARN_UNINITIALIZED_AUTOS = YES_AGGRESSIVE;
				GCC_WARN_UNUSED_FUNCTION = YES;
				GCC_WARN_UNUSED_VARIABLE = YES;
				IPHONEOS_DEPLOYMENT_TARGET = 15.2;
				MTL_ENABLE_DEBUG_INFO = INCLUDE_SOURCE;
				MTL_FAST_MATH = YES;
				ONLY_ACTIVE_ARCH = YES;
				SDKROOT = iphoneos;
				SWIFT_ACTIVE_COMPILATION_CONDITIONS = DEBUG;
				SWIFT_OPTIMIZATION_LEVEL = "-Onone";
			};
			name = Debug;
		};
		DDF32BF927C2228F00DE94F1 /* Release */ = {
			isa = XCBuildConfiguration;
			buildSettings = {
				ALWAYS_SEARCH_USER_PATHS = NO;
				CLANG_ANALYZER_NONNULL = YES;
				CLANG_ANALYZER_NUMBER_OBJECT_CONVERSION = YES_AGGRESSIVE;
				CLANG_CXX_LANGUAGE_STANDARD = "gnu++17";
				CLANG_CXX_LIBRARY = "libc++";
				CLANG_ENABLE_MODULES = YES;
				CLANG_ENABLE_OBJC_ARC = YES;
				CLANG_ENABLE_OBJC_WEAK = YES;
				CLANG_WARN_BLOCK_CAPTURE_AUTORELEASING = YES;
				CLANG_WARN_BOOL_CONVERSION = YES;
				CLANG_WARN_COMMA = YES;
				CLANG_WARN_CONSTANT_CONVERSION = YES;
				CLANG_WARN_DEPRECATED_OBJC_IMPLEMENTATIONS = YES;
				CLANG_WARN_DIRECT_OBJC_ISA_USAGE = YES_ERROR;
				CLANG_WARN_DOCUMENTATION_COMMENTS = YES;
				CLANG_WARN_EMPTY_BODY = YES;
				CLANG_WARN_ENUM_CONVERSION = YES;
				CLANG_WARN_INFINITE_RECURSION = YES;
				CLANG_WARN_INT_CONVERSION = YES;
				CLANG_WARN_NON_LITERAL_NULL_CONVERSION = YES;
				CLANG_WARN_OBJC_IMPLICIT_RETAIN_SELF = YES;
				CLANG_WARN_OBJC_LITERAL_CONVERSION = YES;
				CLANG_WARN_OBJC_ROOT_CLASS = YES_ERROR;
				CLANG_WARN_QUOTED_INCLUDE_IN_FRAMEWORK_HEADER = YES;
				CLANG_WARN_RANGE_LOOP_ANALYSIS = YES;
				CLANG_WARN_STRICT_PROTOTYPES = YES;
				CLANG_WARN_SUSPICIOUS_MOVE = YES;
				CLANG_WARN_UNGUARDED_AVAILABILITY = YES_AGGRESSIVE;
				CLANG_WARN_UNREACHABLE_CODE = YES;
				CLANG_WARN__DUPLICATE_METHOD_MATCH = YES;
				COPY_PHASE_STRIP = NO;
				DEBUG_INFORMATION_FORMAT = "dwarf-with-dsym";
				ENABLE_NS_ASSERTIONS = NO;
				ENABLE_STRICT_OBJC_MSGSEND = YES;
				GCC_C_LANGUAGE_STANDARD = gnu11;
				GCC_NO_COMMON_BLOCKS = YES;
				GCC_WARN_64_TO_32_BIT_CONVERSION = YES;
				GCC_WARN_ABOUT_RETURN_TYPE = YES_ERROR;
				GCC_WARN_UNDECLARED_SELECTOR = YES;
				GCC_WARN_UNINITIALIZED_AUTOS = YES_AGGRESSIVE;
				GCC_WARN_UNUSED_FUNCTION = YES;
				GCC_WARN_UNUSED_VARIABLE = YES;
				IPHONEOS_DEPLOYMENT_TARGET = 15.2;
				MTL_ENABLE_DEBUG_INFO = NO;
				MTL_FAST_MATH = YES;
				SDKROOT = iphoneos;
				SWIFT_COMPILATION_MODE = wholemodule;
				SWIFT_OPTIMIZATION_LEVEL = "-O";
				VALIDATE_PRODUCT = YES;
			};
			name = Release;
		};
		DDF32BFB27C2228F00DE94F1 /* Debug */ = {
			isa = XCBuildConfiguration;
			baseConfigurationReference = 8E89D3FA4CFAC017D24F8B2E /* Pods-WeatherApp.debug.xcconfig */;
			buildSettings = {
				ASSETCATALOG_COMPILER_APPICON_NAME = AppIcon;
				ASSETCATALOG_COMPILER_GLOBAL_ACCENT_COLOR_NAME = AccentColor;
				CODE_SIGN_STYLE = Automatic;
				CURRENT_PROJECT_VERSION = 1;
				DEVELOPMENT_TEAM = G9PZ3UK432;
				GENERATE_INFOPLIST_FILE = YES;
				INFOPLIST_FILE = WeatherApp/Info.plist;
				INFOPLIST_KEY_UIApplicationSupportsIndirectInputEvents = YES;
				INFOPLIST_KEY_UILaunchStoryboardName = LaunchScreen;
				INFOPLIST_KEY_UIMainStoryboardFile = Main;
				INFOPLIST_KEY_UISupportedInterfaceOrientations_iPad = "UIInterfaceOrientationPortrait UIInterfaceOrientationPortraitUpsideDown UIInterfaceOrientationLandscapeLeft UIInterfaceOrientationLandscapeRight";
				INFOPLIST_KEY_UISupportedInterfaceOrientations_iPhone = "UIInterfaceOrientationPortrait UIInterfaceOrientationLandscapeLeft UIInterfaceOrientationLandscapeRight";
				LD_RUNPATH_SEARCH_PATHS = (
					"$(inherited)",
					"@executable_path/Frameworks",
				);
				MARKETING_VERSION = 1.0;
				PRODUCT_BUNDLE_IDENTIFIER = com.practice.home.smurzaliev.WeatherApp;
				PRODUCT_NAME = "$(TARGET_NAME)";
				SWIFT_EMIT_LOC_STRINGS = YES;
				SWIFT_VERSION = 5.0;
				TARGETED_DEVICE_FAMILY = "1,2";
			};
			name = Debug;
		};
		DDF32BFC27C2228F00DE94F1 /* Release */ = {
			isa = XCBuildConfiguration;
			baseConfigurationReference = BB86C4D5025F2741088C0819 /* Pods-WeatherApp.release.xcconfig */;
			buildSettings = {
				ASSETCATALOG_COMPILER_APPICON_NAME = AppIcon;
				ASSETCATALOG_COMPILER_GLOBAL_ACCENT_COLOR_NAME = AccentColor;
				CODE_SIGN_STYLE = Automatic;
				CURRENT_PROJECT_VERSION = 1;
				DEVELOPMENT_TEAM = G9PZ3UK432;
				GENERATE_INFOPLIST_FILE = YES;
				INFOPLIST_FILE = WeatherApp/Info.plist;
				INFOPLIST_KEY_UIApplicationSupportsIndirectInputEvents = YES;
				INFOPLIST_KEY_UILaunchStoryboardName = LaunchScreen;
				INFOPLIST_KEY_UIMainStoryboardFile = Main;
				INFOPLIST_KEY_UISupportedInterfaceOrientations_iPad = "UIInterfaceOrientationPortrait UIInterfaceOrientationPortraitUpsideDown UIInterfaceOrientationLandscapeLeft UIInterfaceOrientationLandscapeRight";
				INFOPLIST_KEY_UISupportedInterfaceOrientations_iPhone = "UIInterfaceOrientationPortrait UIInterfaceOrientationLandscapeLeft UIInterfaceOrientationLandscapeRight";
				LD_RUNPATH_SEARCH_PATHS = (
					"$(inherited)",
					"@executable_path/Frameworks",
				);
				MARKETING_VERSION = 1.0;
				PRODUCT_BUNDLE_IDENTIFIER = com.practice.home.smurzaliev.WeatherApp;
				PRODUCT_NAME = "$(TARGET_NAME)";
				SWIFT_EMIT_LOC_STRINGS = YES;
				SWIFT_VERSION = 5.0;
				TARGETED_DEVICE_FAMILY = "1,2";
			};
			name = Release;
		};
/* End XCBuildConfiguration section */

/* Begin XCConfigurationList section */
		DDF32BE127C2228E00DE94F1 /* Build configuration list for PBXProject "WeatherApp" */ = {
			isa = XCConfigurationList;
			buildConfigurations = (
				DDF32BF827C2228F00DE94F1 /* Debug */,
				DDF32BF927C2228F00DE94F1 /* Release */,
			);
			defaultConfigurationIsVisible = 0;
			defaultConfigurationName = Release;
		};
		DDF32BFA27C2228F00DE94F1 /* Build configuration list for PBXNativeTarget "WeatherApp" */ = {
			isa = XCConfigurationList;
			buildConfigurations = (
				DDF32BFB27C2228F00DE94F1 /* Debug */,
				DDF32BFC27C2228F00DE94F1 /* Release */,
			);
			defaultConfigurationIsVisible = 0;
			defaultConfigurationName = Release;
		};
/* End XCConfigurationList section */
	};
	rootObject = DDF32BDE27C2228E00DE94F1 /* Project object */;
}
